// !$*UTF8*$!
{
	archiveVersion = 1;
	classes = {
	};
	objectVersion = 46;
	objects = {

/* Begin PBXBuildFile section */
		48A8D84BA9E965BB31E7BE1A /* libPods-TestApp.a in Frameworks */ = {isa = PBXBuildFile; fileRef = EBC3FA3BC29E44D5F931BB17 /* libPods-TestApp.a */; };
		A9CF5D031D7FDD5000015915 /* AppDelegate.swift in Sources */ = {isa = PBXBuildFile; fileRef = A9CF5D021D7FDD5000015915 /* AppDelegate.swift */; };
		A9CF5D051D7FDD5000015915 /* ViewController.swift in Sources */ = {isa = PBXBuildFile; fileRef = A9CF5D041D7FDD5000015915 /* ViewController.swift */; };
		A9CF5D081D7FDD5000015915 /* Main.storyboard in Resources */ = {isa = PBXBuildFile; fileRef = A9CF5D061D7FDD5000015915 /* Main.storyboard */; };
		A9CF5D0A1D7FDD5000015915 /* Assets.xcassets in Resources */ = {isa = PBXBuildFile; fileRef = A9CF5D091D7FDD5000015915 /* Assets.xcassets */; };
		A9CF5D0D1D7FDD5000015915 /* LaunchScreen.storyboard in Resources */ = {isa = PBXBuildFile; fileRef = A9CF5D0B1D7FDD5000015915 /* LaunchScreen.storyboard */; };
/* End PBXBuildFile section */

/* Begin PBXFileReference section */
		081A5C3F243C9FF5D0229B38 /* Pods-TestApp.debug.xcconfig */ = {isa = PBXFileReference; includeInIndex = 1; lastKnownFileType = text.xcconfig; name = "Pods-TestApp.debug.xcconfig"; path = "Pods/Target Support Files/Pods-TestApp/Pods-TestApp.debug.xcconfig"; sourceTree = "<group>"; };
		6C52CB912AF3777FCF25EEBA /* Pods-TestApp.release.xcconfig */ = {isa = PBXFileReference; includeInIndex = 1; lastKnownFileType = text.xcconfig; name = "Pods-TestApp.release.xcconfig"; path = "Pods/Target Support Files/Pods-TestApp/Pods-TestApp.release.xcconfig"; sourceTree = "<group>"; };
		A9CF5CFF1D7FDD5000015915 /* TestApp.app */ = {isa = PBXFileReference; explicitFileType = wrapper.application; includeInIndex = 0; path = TestApp.app; sourceTree = BUILT_PRODUCTS_DIR; };
		A9CF5D021D7FDD5000015915 /* AppDelegate.swift */ = {isa = PBXFileReference; lastKnownFileType = sourcecode.swift; path = AppDelegate.swift; sourceTree = "<group>"; };
		A9CF5D041D7FDD5000015915 /* ViewController.swift */ = {isa = PBXFileReference; lastKnownFileType = sourcecode.swift; path = ViewController.swift; sourceTree = "<group>"; };
		A9CF5D071D7FDD5000015915 /* Base */ = {isa = PBXFileReference; lastKnownFileType = file.storyboard; name = Base; path = Base.lproj/Main.storyboard; sourceTree = "<group>"; };
		A9CF5D091D7FDD5000015915 /* Assets.xcassets */ = {isa = PBXFileReference; lastKnownFileType = folder.assetcatalog; path = Assets.xcassets; sourceTree = "<group>"; };
		A9CF5D0C1D7FDD5000015915 /* Base */ = {isa = PBXFileReference; lastKnownFileType = file.storyboard; name = Base; path = Base.lproj/LaunchScreen.storyboard; sourceTree = "<group>"; };
		A9CF5D0E1D7FDD5000015915 /* Info.plist */ = {isa = PBXFileReference; lastKnownFileType = text.plist.xml; path = Info.plist; sourceTree = "<group>"; };
		A9CF5D1A1D7FE32800015915 /* TestAppTests.swift */ = {isa = PBXFileReference; lastKnownFileType = sourcecode.swift; path = TestAppTests.swift; sourceTree = "<group>"; };
		A9CF5D1C1D7FE32800015915 /* Info.plist */ = {isa = PBXFileReference; lastKnownFileType = text.plist.xml; path = Info.plist; sourceTree = "<group>"; };
		EBC3FA3BC29E44D5F931BB17 /* libPods-TestApp.a */ = {isa = PBXFileReference; explicitFileType = archive.ar; includeInIndex = 0; path = "libPods-TestApp.a"; sourceTree = BUILT_PRODUCTS_DIR; };
/* End PBXFileReference section */

/* Begin PBXFrameworksBuildPhase section */
		A9CF5CFC1D7FDD5000015915 /* Frameworks */ = {
			isa = PBXFrameworksBuildPhase;
			buildActionMask = 2147483647;
			files = (
				48A8D84BA9E965BB31E7BE1A /* libPods-TestApp.a in Frameworks */,
			);
			runOnlyForDeploymentPostprocessing = 0;
		};
/* End PBXFrameworksBuildPhase section */

/* Begin PBXGroup section */
		3B3C0B7A6F0ADEAAC071C8C6 /* Frameworks */ = {
			isa = PBXGroup;
			children = (
				EBC3FA3BC29E44D5F931BB17 /* libPods-TestApp.a */,
			);
			name = Frameworks;
			sourceTree = "<group>";
		};
		67415F9B13C7C3769583E701 /* Pods */ = {
			isa = PBXGroup;
			children = (
				081A5C3F243C9FF5D0229B38 /* Pods-TestApp.debug.xcconfig */,
				6C52CB912AF3777FCF25EEBA /* Pods-TestApp.release.xcconfig */,
			);
			name = Pods;
			sourceTree = "<group>";
		};
		A9CF5CF61D7FDD5000015915 = {
			isa = PBXGroup;
			children = (
				A9CF5D011D7FDD5000015915 /* TestApp */,
				A9CF5D191D7FE32800015915 /* TestAppTests */,
				A9CF5D001D7FDD5000015915 /* Products */,
				67415F9B13C7C3769583E701 /* Pods */,
				3B3C0B7A6F0ADEAAC071C8C6 /* Frameworks */,
			);
			sourceTree = "<group>";
		};
		A9CF5D001D7FDD5000015915 /* Products */ = {
			isa = PBXGroup;
			children = (
				A9CF5CFF1D7FDD5000015915 /* TestApp.app */,
			);
			name = Products;
			sourceTree = "<group>";
		};
		A9CF5D011D7FDD5000015915 /* TestApp */ = {
			isa = PBXGroup;
			children = (
				A9CF5D021D7FDD5000015915 /* AppDelegate.swift */,
				A9CF5D041D7FDD5000015915 /* ViewController.swift */,
				A9CF5D061D7FDD5000015915 /* Main.storyboard */,
				A9CF5D091D7FDD5000015915 /* Assets.xcassets */,
				A9CF5D0B1D7FDD5000015915 /* LaunchScreen.storyboard */,
				A9CF5D0E1D7FDD5000015915 /* Info.plist */,
			);
			path = TestApp;
			sourceTree = "<group>";
		};
		A9CF5D191D7FE32800015915 /* TestAppTests */ = {
			isa = PBXGroup;
			children = (
				A9CF5D1A1D7FE32800015915 /* TestAppTests.swift */,
				A9CF5D1C1D7FE32800015915 /* Info.plist */,
			);
			path = TestAppTests;
			sourceTree = "<group>";
		};
/* End PBXGroup section */

/* Begin PBXNativeTarget section */
		A9CF5CFE1D7FDD5000015915 /* TestApp */ = {
			isa = PBXNativeTarget;
			buildConfigurationList = A9CF5D111D7FDD5000015915 /* Build configuration list for PBXNativeTarget "TestApp" */;
			buildPhases = (
				AA210E784F3F7A8E8FA89CAF /* Check Pods Manifest.lock */,
				A9CF5CFB1D7FDD5000015915 /* Sources */,
				A9CF5CFC1D7FDD5000015915 /* Frameworks */,
				A9CF5CFD1D7FDD5000015915 /* Resources */,
				EE3164A0C66A4BEE69077BC1 /* Embed Pods Frameworks */,
				568725EEFC02D9A001E9A37A /* Copy Pods Resources */,
			);
			buildRules = (
			);
			dependencies = (
			);
			name = TestApp;
			productName = TestApp;
			productReference = A9CF5CFF1D7FDD5000015915 /* TestApp.app */;
			productType = "com.apple.product-type.application";
		};
/* End PBXNativeTarget section */

/* Begin PBXProject section */
		A9CF5CF71D7FDD5000015915 /* Project object */ = {
			isa = PBXProject;
			attributes = {
				LastSwiftUpdateCheck = 0730;
				LastUpgradeCheck = 0730;
				ORGANIZATIONNAME = indianic;
				TargetAttributes = {
					A9CF5CFE1D7FDD5000015915 = {
						CreatedOnToolsVersion = 7.3.1;
						DevelopmentTeam = QAARG72Z56;
					};
				};
			};
			buildConfigurationList = A9CF5CFA1D7FDD5000015915 /* Build configuration list for PBXProject "TestApp" */;
			compatibilityVersion = "Xcode 3.2";
			developmentRegion = English;
			hasScannedForEncodings = 0;
			knownRegions = (
				en,
				Base,
			);
			mainGroup = A9CF5CF61D7FDD5000015915;
			productRefGroup = A9CF5D001D7FDD5000015915 /* Products */;
			projectDirPath = "";
			projectRoot = "";
			targets = (
				A9CF5CFE1D7FDD5000015915 /* TestApp */,
			);
		};
/* End PBXProject section */

/* Begin PBXResourcesBuildPhase section */
		A9CF5CFD1D7FDD5000015915 /* Resources */ = {
			isa = PBXResourcesBuildPhase;
			buildActionMask = 2147483647;
			files = (
				A9CF5D0D1D7FDD5000015915 /* LaunchScreen.storyboard in Resources */,
				A9CF5D0A1D7FDD5000015915 /* Assets.xcassets in Resources */,
				A9CF5D081D7FDD5000015915 /* Main.storyboard in Resources */,
			);
			runOnlyForDeploymentPostprocessing = 0;
		};
/* End PBXResourcesBuildPhase section */

/* Begin PBXShellScriptBuildPhase section */
		568725EEFC02D9A001E9A37A /* Copy Pods Resources */ = {
			isa = PBXShellScriptBuildPhase;
			buildActionMask = 2147483647;
			files = (
			);
			inputPaths = (
			);
			name = "Copy Pods Resources";
			outputPaths = (
			);
			runOnlyForDeploymentPostprocessing = 0;
			shellPath = /bin/sh;
			shellScript = "\"${SRCROOT}/Pods/Target Support Files/Pods-TestApp/Pods-TestApp-resources.sh\"\n";
			showEnvVarsInLog = 0;
		};
		AA210E784F3F7A8E8FA89CAF /* Check Pods Manifest.lock */ = {
			isa = PBXShellScriptBuildPhase;
			buildActionMask = 2147483647;
			files = (
			);
			inputPaths = (
			);
			name = "Check Pods Manifest.lock";
			outputPaths = (
			);
			runOnlyForDeploymentPostprocessing = 0;
			shellPath = /bin/sh;
			shellScript = "diff \"${PODS_ROOT}/../Podfile.lock\" \"${PODS_ROOT}/Manifest.lock\" > /dev/null\nif [[ $? != 0 ]] ; then\n    cat << EOM\nerror: The sandbox is not in sync with the Podfile.lock. Run 'pod install' or update your CocoaPods installation.\nEOM\n    exit 1\nfi\n";
			showEnvVarsInLog = 0;
		};
		EE3164A0C66A4BEE69077BC1 /* Embed Pods Frameworks */ = {
			isa = PBXShellScriptBuildPhase;
			buildActionMask = 2147483647;
			files = (
			);
			inputPaths = (
			);
			name = "Embed Pods Frameworks";
			outputPaths = (
			);
			runOnlyForDeploymentPostprocessing = 0;
			shellPath = /bin/sh;
			shellScript = "\"${SRCROOT}/Pods/Target Support Files/Pods-TestApp/Pods-TestApp-frameworks.sh\"\n";
			showEnvVarsInLog = 0;
		};
/* End PBXShellScriptBuildPhase section */

/* Begin PBXSourcesBuildPhase section */
		A9CF5CFB1D7FDD5000015915 /* Sources */ = {
			isa = PBXSourcesBuildPhase;
			buildActionMask = 2147483647;
			files = (
				A9CF5D051D7FDD5000015915 /* ViewController.swift in Sources */,
				A9CF5D031D7FDD5000015915 /* AppDelegate.swift in Sources */,
			);
			runOnlyForDeploymentPostprocessing = 0;
		};
/* End PBXSourcesBuildPhase section */

/* Begin PBXVariantGroup section */
		A9CF5D061D7FDD5000015915 /* Main.storyboard */ = {
			isa = PBXVariantGroup;
			children = (
				A9CF5D071D7FDD5000015915 /* Base */,
			);
			name = Main.storyboard;
			sourceTree = "<group>";
		};
		A9CF5D0B1D7FDD5000015915 /* LaunchScreen.storyboard */ = {
			isa = PBXVariantGroup;
			children = (
				A9CF5D0C1D7FDD5000015915 /* Base */,
			);
			name = LaunchScreen.storyboard;
			sourceTree = "<group>";
		};
/* End PBXVariantGroup section */

/* Begin XCBuildConfiguration section */
		A9CF5D0F1D7FDD5000015915 /* Debug */ = {
			isa = XCBuildConfiguration;
			buildSettings = {
				ALWAYS_SEARCH_USER_PATHS = NO;
				CLANG_ANALYZER_NONNULL = YES;
				CLANG_CXX_LANGUAGE_STANDARD = "gnu++0x";
				CLANG_CXX_LIBRARY = "libc++";
				CLANG_ENABLE_MODULES = YES;
				CLANG_ENABLE_OBJC_ARC = YES;
				CLANG_WARN_BOOL_CONVERSION = YES;
				CLANG_WARN_CONSTANT_CONVERSION = YES;
				CLANG_WARN_DIRECT_OBJC_ISA_USAGE = YES_ERROR;
				CLANG_WARN_EMPTY_BODY = YES;
				CLANG_WARN_ENUM_CONVERSION = YES;
				CLANG_WARN_INT_CONVERSION = YES;
				CLANG_WARN_OBJC_ROOT_CLASS = YES_ERROR;
				CLANG_WARN_UNREACHABLE_CODE = YES;
				CLANG_WARN__DUPLICATE_METHOD_MATCH = YES;
				CODE_SIGN_IDENTITY = "iPhone Developer: Sandeep Mundra (844QDN74U4)";
				COPY_PHASE_STRIP = NO;
				DEBUG_INFORMATION_FORMAT = dwarf;
				ENABLE_STRICT_OBJC_MSGSEND = YES;
				ENABLE_TESTABILITY = YES;
				GCC_C_LANGUAGE_STANDARD = gnu99;
				GCC_DYNAMIC_NO_PIC = NO;
				GCC_NO_COMMON_BLOCKS = YES;
				GCC_OPTIMIZATION_LEVEL = 0;
				GCC_PREPROCESSOR_DEFINITIONS = (
					"DEBUG=1",
					"$(inherited)",
				);
				GCC_WARN_64_TO_32_BIT_CONVERSION = YES;
				GCC_WARN_ABOUT_RETURN_TYPE = YES_ERROR;
				GCC_WARN_UNDECLARED_SELECTOR = YES;
				GCC_WARN_UNINITIALIZED_AUTOS = YES_AGGRESSIVE;
				GCC_WARN_UNUSED_FUNCTION = YES;
				GCC_WARN_UNUSED_VARIABLE = YES;
				IPHONEOS_DEPLOYMENT_TARGET = 9.3;
				MTL_ENABLE_DEBUG_INFO = YES;
				ONLY_ACTIVE_ARCH = YES;
				PROVISIONING_PROFILE = "42ac22bf-ef1e-434e-baa0-a9d6811f00d5";
				SDKROOT = iphoneos;
				SWIFT_OPTIMIZATION_LEVEL = "-Onone";
			};
			name = Debug;
		};
		A9CF5D101D7FDD5000015915 /* Release */ = {
			isa = XCBuildConfiguration;
			buildSettings = {
				ALWAYS_SEARCH_USER_PATHS = NO;
				CLANG_ANALYZER_NONNULL = YES;
				CLANG_CXX_LANGUAGE_STANDARD = "gnu++0x";
				CLANG_CXX_LIBRARY = "libc++";
				CLANG_ENABLE_MODULES = YES;
				CLANG_ENABLE_OBJC_ARC = YES;
				CLANG_WARN_BOOL_CONVERSION = YES;
				CLANG_WARN_CONSTANT_CONVERSION = YES;
				CLANG_WARN_DIRECT_OBJC_ISA_USAGE = YES_ERROR;
				CLANG_WARN_EMPTY_BODY = YES;
				CLANG_WARN_ENUM_CONVERSION = YES;
				CLANG_WARN_INT_CONVERSION = YES;
				CLANG_WARN_OBJC_ROOT_CLASS = YES_ERROR;
				CLANG_WARN_UNREACHABLE_CODE = YES;
				CLANG_WARN__DUPLICATE_METHOD_MATCH = YES;
				CODE_SIGN_IDENTITY = "iPhone Developer: Sandeep Mundra (844QDN74U4)";
				COPY_PHASE_STRIP = NO;
				DEBUG_INFORMATION_FORMAT = "dwarf-with-dsym";
				ENABLE_NS_ASSERTIONS = NO;
				ENABLE_STRICT_OBJC_MSGSEND = YES;
				GCC_C_LANGUAGE_STANDARD = gnu99;
				GCC_NO_COMMON_BLOCKS = YES;
				GCC_WARN_64_TO_32_BIT_CONVERSION = YES;
				GCC_WARN_ABOUT_RETURN_TYPE = YES_ERROR;
				GCC_WARN_UNDECLARED_SELECTOR = YES;
				GCC_WARN_UNINITIALIZED_AUTOS = YES_AGGRESSIVE;
				GCC_WARN_UNUSED_FUNCTION = YES;
				GCC_WARN_UNUSED_VARIABLE = YES;
				IPHONEOS_DEPLOYMENT_TARGET = 9.3;
				MTL_ENABLE_DEBUG_INFO = NO;
				PROVISIONING_PROFILE = "42ac22bf-ef1e-434e-baa0-a9d6811f00d5";
				SDKROOT = iphoneos;
				VALIDATE_PRODUCT = YES;
			};
			name = Release;
		};
		A9CF5D121D7FDD5000015915 /* Debug */ = {
			isa = XCBuildConfiguration;
			baseConfigurationReference = 081A5C3F243C9FF5D0229B38 /* Pods-TestApp.debug.xcconfig */;
			buildSettings = {
				ASSETCATALOG_COMPILER_APPICON_NAME = AppIcon;
				CODE_SIGN_IDENTITY = "iPhone Developer";
				INFOPLIST_FILE = TestApp/Info.plist;
				LD_RUNPATH_SEARCH_PATHS = "$(inherited) @executable_path/Frameworks";
				PRODUCT_BUNDLE_IDENTIFIER = com.indianic.TestApp;
				PRODUCT_NAME = "$(TARGET_NAME)";
				PROVISIONING_PROFILE = "42ac22bf-ef1e-434e-baa0-a9d6811f00d5";
			};
			name = Debug;
		};
		A9CF5D131D7FDD5000015915 /* Release */ = {
			isa = XCBuildConfiguration;
			baseConfigurationReference = 6C52CB912AF3777FCF25EEBA /* Pods-TestApp.release.xcconfig */;
			buildSettings = {
				ASSETCATALOG_COMPILER_APPICON_NAME = AppIcon;
				CODE_SIGN_IDENTITY = "iPhone Developer";
				INFOPLIST_FILE = TestApp/Info.plist;
				LD_RUNPATH_SEARCH_PATHS = "$(inherited) @executable_path/Frameworks";
				PRODUCT_BUNDLE_IDENTIFIER = com.indianic.TestApp;
				PRODUCT_NAME = "$(TARGET_NAME)";
				PROVISIONING_PROFILE = "42ac22bf-ef1e-434e-baa0-a9d6811f00d5";
			};
			name = Release;
		};
/* End XCBuildConfiguration section */

/* Begin XCConfigurationList section */
		A9CF5CFA1D7FDD5000015915 /* Build configuration list for PBXProject "TestApp" */ = {
			isa = XCConfigurationList;
			buildConfigurations = (
				A9CF5D0F1D7FDD5000015915 /* Debug */,
				A9CF5D101D7FDD5000015915 /* Release */,
			);
			defaultConfigurationIsVisible = 0;
			defaultConfigurationName = Release;
		};
		A9CF5D111D7FDD5000015915 /* Build configuration list for PBXNativeTarget "TestApp" */ = {
			isa = XCConfigurationList;
			buildConfigurations = (
				A9CF5D121D7FDD5000015915 /* Debug */,
				A9CF5D131D7FDD5000015915 /* Release */,
			);
			defaultConfigurationIsVisible = 0;
			defaultConfigurationName = Release;
		};
/* End XCConfigurationList section */
	};
	rootObject = A9CF5CF71D7FDD5000015915 /* Project object */;
}
